
Microsoft Visual Studio Solution File, Format Version 12.00
# Visual Studio Version 17
VisualStudioVersion = 17.14.36811.4 d17.14
MinimumVisualStudioVersion = 10.0.40219.1
Project("{FAE04EC0-301F-11D3-BF4B-00C04F79EFBC}") = "GitHubSecuritySample2", "GitHubSecuritySample2\GitHubSecuritySample2.csproj", "{CA43D49D-C035-496B-8247-AFD0B319A236}"
EndProject
Global
	GlobalSection(SolutionConfigurationPlatforms) = preSolution
		Debug|Any CPU = Debug|Any CPU
		Release|Any CPU = Release|Any CPU
	EndGlobalSection
	GlobalSection(ProjectConfigurationPlatforms) = postSolution
		{CA43D49D-C035-496B-8247-AFD0B319A236}.Debug|Any CPU.ActiveCfg = Debug|Any CPU
		{CA43D49D-C035-496B-8247-AFD0B319A236}.Debug|Any CPU.Build.0 = Debug|Any CPU
		{CA43D49D-C035-496B-8247-AFD0B319A236}.Release|Any CPU.ActiveCfg = Release|Any CPU
		{CA43D49D-C035-496B-8247-AFD0B319A236}.Release|Any CPU.Build.0 = Release|Any CPU
	EndGlobalSection
	GlobalSection(SolutionProperties) = preSolution
		HideSolutionNode = FALSE
	EndGlobalSection
	GlobalSection(ExtensibilityGlobals) = postSolution
		SolutionGuid = {7A940BB3-2924-4436-B6D2-26AB76B423CA}
	EndGlobalSection
EndGlobal
